
Microsoft Visual Studio Solution File, Format Version 12.00
# Visual Studio 15
VisualStudioVersion = 15.0.26730.16
MinimumVisualStudioVersion = 10.0.40219.1
Project("{888888A0-9F3D-457C-B088-3A5042F75D52}") = "redfish-gpu", "redfish-gpu\redfish-gpu.pyproj", "{0E358F25-D2D8-4325-ADC3-6CA4AFBF4A79}"
EndProject
Global
	GlobalSection(SolutionConfigurationPlatforms) = preSolution
		Debug|Any CPU = Debug|Any CPU
		Release|Any CPU = Release|Any CPU
	EndGlobalSection
	GlobalSection(ProjectConfigurationPlatforms) = postSolution
		{0E358F25-D2D8-4325-ADC3-6CA4AFBF4A79}.Debug|Any CPU.ActiveCfg = Debug|Any CPU
		{0E358F25-D2D8-4325-ADC3-6CA4AFBF4A79}.Release|Any CPU.ActiveCfg = Release|Any CPU
	EndGlobalSection
	GlobalSection(SolutionProperties) = preSolution
		HideSolutionNode = FALSE
	EndGlobalSection
	GlobalSection(ExtensibilityGlobals) = postSolution
		SolutionGuid = {FFEDC035-09C6-499F-A41B-8A692B20E28D}
	EndGlobalSection
EndGlobal
